
Microsoft Visual Studio Solution File, Format Version 12.00
# Visual Studio 15
VisualStudioVersion = 15.0.28307.572
MinimumVisualStudioVersion = 10.0.40219.1
Project("{FAE04EC0-301F-11D3-BF4B-00C04F79EFBC}") = "ExpressionParser", "ExpressionParser\ExpressionParser.csproj", "{F120051D-8526-48B8-9877-40B89D1A5E63}"
EndProject
Global
	GlobalSection(SolutionConfigurationPlatforms) = preSolution
		Debug|Any CPU = Debug|Any CPU
		Release|Any CPU = Release|Any CPU
	EndGlobalSection
	GlobalSection(ProjectConfigurationPlatforms) = postSolution
		{F120051D-8526-48B8-9877-40B89D1A5E63}.Debug|Any CPU.ActiveCfg = Debug|Any CPU
		{F120051D-8526-48B8-9877-40B89D1A5E63}.Debug|Any CPU.Build.0 = Debug|Any CPU
		{F120051D-8526-48B8-9877-40B89D1A5E63}.Release|Any CPU.ActiveCfg = Release|Any CPU
		{F120051D-8526-48B8-9877-40B89D1A5E63}.Release|Any CPU.Build.0 = Release|Any CPU
	EndGlobalSection
	GlobalSection(SolutionProperties) = preSolution
		HideSolutionNode = FALSE
	EndGlobalSection
	GlobalSection(ExtensibilityGlobals) = postSolution
		SolutionGuid = {3FDAF9AB-8FAC-40C5-9351-42573E5C5CFB}
	EndGlobalSection
EndGlobal
